
Microsoft Visual Studio Solution File, Format Version 12.00
Project("{2150E333-8FDC-42A3-9474-1A3956D46DE8}") = "Application", "Application", "{803847B8-F41B-4B76-8832-20C68C92F9DB}"
EndProject
Project("{2150E333-8FDC-42A3-9474-1A3956D46DE8}") = "Domain", "Domain", "{0E1AEB7A-C403-4D34-9532-787507899C40}"
EndProject
Project("{2150E333-8FDC-42A3-9474-1A3956D46DE8}") = "Infrastructure", "Infrastructure", "{0300C478-3E20-43CC-84F6-88EAAF04CFDC}"
EndProject
Project("{2150E333-8FDC-42A3-9474-1A3956D46DE8}") = "Presentation", "Presentation", "{6922DCCF-066D-4A64-93EF-402B75C19216}"
EndProject
Project("{FAE04EC0-301F-11D3-BF4B-00C04F79EFBC}") = "KaanAI.Domain", "KaanAI.Domain\KaanAI.Domain.csproj", "{4F6D1FC5-B8B6-4A89-B035-713B967F7C0D}"
EndProject
Project("{FAE04EC0-301F-11D3-BF4B-00C04F79EFBC}") = "KaanAI.API", "KaanAI.API\KaanAI.API.csproj", "{457A441D-F07F-4040-937A-BEF44A376379}"
EndProject
Project("{FAE04EC0-301F-11D3-BF4B-00C04F79EFBC}") = "KaanAI.Persistance", "KaanAI.Persistance\KaanAI.Persistance.csproj", "{192137E9-4AD4-4CC4-9666-A2A4D3E1DF3D}"
EndProject
Project("{FAE04EC0-301F-11D3-BF4B-00C04F79EFBC}") = "KaanAI.Application", "KaanAI.Application\KaanAI.Application.csproj", "{AC97EB9A-357E-4CE2-9242-D89565E96B0C}"
EndProject
Global
	GlobalSection(SolutionConfigurationPlatforms) = preSolution
		Debug|Any CPU = Debug|Any CPU
		Release|Any CPU = Release|Any CPU
	EndGlobalSection
	GlobalSection(NestedProjects) = preSolution
		{4F6D1FC5-B8B6-4A89-B035-713B967F7C0D} = {0E1AEB7A-C403-4D34-9532-787507899C40}
		{457A441D-F07F-4040-937A-BEF44A376379} = {6922DCCF-066D-4A64-93EF-402B75C19216}
		{192137E9-4AD4-4CC4-9666-A2A4D3E1DF3D} = {0300C478-3E20-43CC-84F6-88EAAF04CFDC}
		{AC97EB9A-357E-4CE2-9242-D89565E96B0C} = {803847B8-F41B-4B76-8832-20C68C92F9DB}
	EndGlobalSection
	GlobalSection(ProjectConfigurationPlatforms) = postSolution
		{4F6D1FC5-B8B6-4A89-B035-713B967F7C0D}.Debug|Any CPU.ActiveCfg = Debug|Any CPU
		{4F6D1FC5-B8B6-4A89-B035-713B967F7C0D}.Debug|Any CPU.Build.0 = Debug|Any CPU
		{4F6D1FC5-B8B6-4A89-B035-713B967F7C0D}.Release|Any CPU.ActiveCfg = Release|Any CPU
		{4F6D1FC5-B8B6-4A89-B035-713B967F7C0D}.Release|Any CPU.Build.0 = Release|Any CPU
		{457A441D-F07F-4040-937A-BEF44A376379}.Debug|Any CPU.ActiveCfg = Debug|Any CPU
		{457A441D-F07F-4040-937A-BEF44A376379}.Debug|Any CPU.Build.0 = Debug|Any CPU
		{457A441D-F07F-4040-937A-BEF44A376379}.Release|Any CPU.ActiveCfg = Release|Any CPU
		{457A441D-F07F-4040-937A-BEF44A376379}.Release|Any CPU.Build.0 = Release|Any CPU
		{192137E9-4AD4-4CC4-9666-A2A4D3E1DF3D}.Debug|Any CPU.ActiveCfg = Debug|Any CPU
		{192137E9-4AD4-4CC4-9666-A2A4D3E1DF3D}.Debug|Any CPU.Build.0 = Debug|Any CPU
		{192137E9-4AD4-4CC4-9666-A2A4D3E1DF3D}.Release|Any CPU.ActiveCfg = Release|Any CPU
		{192137E9-4AD4-4CC4-9666-A2A4D3E1DF3D}.Release|Any CPU.Build.0 = Release|Any CPU
		{AC97EB9A-357E-4CE2-9242-D89565E96B0C}.Debug|Any CPU.ActiveCfg = Debug|Any CPU
		{AC97EB9A-357E-4CE2-9242-D89565E96B0C}.Debug|Any CPU.Build.0 = Debug|Any CPU
		{AC97EB9A-357E-4CE2-9242-D89565E96B0C}.Release|Any CPU.ActiveCfg = Release|Any CPU
		{AC97EB9A-357E-4CE2-9242-D89565E96B0C}.Release|Any CPU.Build.0 = Release|Any CPU
	EndGlobalSection
EndGlobal
